
Microsoft Visual Studio Solution File, Format Version 12.00
# Visual Studio 15
VisualStudioVersion = 15.0.27703.2026
MinimumVisualStudioVersion = 10.0.40219.1
Project("{FAE04EC0-301F-11D3-BF4B-00C04F79EFBC}") = "SingleResponsibilityPrinciple", "SingleResponsibilityPrinciple\SingleResponsibilityPrinciple.csproj", "{DF2BC1B4-BBAB-4D7F-AA20-53FE0BC65EFC}"
EndProject
Global
	GlobalSection(SolutionConfigurationPlatforms) = preSolution
		Debug|Any CPU = Debug|Any CPU
		Release|Any CPU = Release|Any CPU
	EndGlobalSection
	GlobalSection(ProjectConfigurationPlatforms) = postSolution
		{DF2BC1B4-BBAB-4D7F-AA20-53FE0BC65EFC}.Debug|Any CPU.ActiveCfg = Debug|Any CPU
		{DF2BC1B4-BBAB-4D7F-AA20-53FE0BC65EFC}.Debug|Any CPU.Build.0 = Debug|Any CPU
		{DF2BC1B4-BBAB-4D7F-AA20-53FE0BC65EFC}.Release|Any CPU.ActiveCfg = Release|Any CPU
		{DF2BC1B4-BBAB-4D7F-AA20-53FE0BC65EFC}.Release|Any CPU.Build.0 = Release|Any CPU
	EndGlobalSection
	GlobalSection(SolutionProperties) = preSolution
		HideSolutionNode = FALSE
	EndGlobalSection
	GlobalSection(ExtensibilityGlobals) = postSolution
		SolutionGuid = {6F070BDD-386C-4CAD-81AA-040E8C6B0200}
	EndGlobalSection
EndGlobal
