
Microsoft Visual Studio Solution File, Format Version 12.00
# Visual Studio 15
VisualStudioVersion = 15.0.27703.2026
MinimumVisualStudioVersion = 10.0.40219.1
Project("{FAE04EC0-301F-11D3-BF4B-00C04F79EFBC}") = "DependecyInversionPrinciple", "DependecyInversionPrinciple\DependecyInversionPrinciple.csproj", "{2747BB3D-B6F0-45FB-A1E7-39B3F5A9FC67}"
EndProject
Global
	GlobalSection(SolutionConfigurationPlatforms) = preSolution
		Debug|Any CPU = Debug|Any CPU
		Release|Any CPU = Release|Any CPU
	EndGlobalSection
	GlobalSection(ProjectConfigurationPlatforms) = postSolution
		{2747BB3D-B6F0-45FB-A1E7-39B3F5A9FC67}.Debug|Any CPU.ActiveCfg = Debug|Any CPU
		{2747BB3D-B6F0-45FB-A1E7-39B3F5A9FC67}.Debug|Any CPU.Build.0 = Debug|Any CPU
		{2747BB3D-B6F0-45FB-A1E7-39B3F5A9FC67}.Release|Any CPU.ActiveCfg = Release|Any CPU
		{2747BB3D-B6F0-45FB-A1E7-39B3F5A9FC67}.Release|Any CPU.Build.0 = Release|Any CPU
	EndGlobalSection
	GlobalSection(SolutionProperties) = preSolution
		HideSolutionNode = FALSE
	EndGlobalSection
	GlobalSection(ExtensibilityGlobals) = postSolution
		SolutionGuid = {3C20568F-A15B-4B27-A64E-84BE696C9CC6}
	EndGlobalSection
EndGlobal
